
Microsoft Visual Studio Solution File, Format Version 12.00
# Visual Studio Version 17
VisualStudioVersion = 17.1.32421.90
MinimumVisualStudioVersion = 10.0.40219.1
Project("{2150E333-8FDC-42A3-9474-1A3956D46DE8}") = "01 - Solution Items", "01 - Solution Items", "{3A720959-4036-40CD-9C3C-0B820A53BAB5}"
	ProjectSection(SolutionItems) = preProject
		.editorconfig = .editorconfig
		.github\workflows\cd-production-preview.yml = .github\workflows\cd-production-preview.yml
		.github\workflows\cd-staging.yml = .github\workflows\cd-staging.yml
		.github\workflows\ci.yml = .github\workflows\ci.yml
		.github\workflows\deploy-preview-to-production.yml = .github\workflows\deploy-preview-to-production.yml
		Directory.Build.props = Directory.Build.props
		README.md = README.md
	EndProjectSection
EndProject
Project("{9A19103F-16F7-4668-BE54-9A1E7A4F7556}") = "Pedalo.Core", "Pedalo.Core\Pedalo.Core.csproj", "{F384DFBD-7C90-4129-8808-1AF8EA65D7B5}"
EndProject
Project("{9A19103F-16F7-4668-BE54-9A1E7A4F7556}") = "Pedalo.Infrastructure", "Pedalo.Infrastructure\Pedalo.Infrastructure.csproj", "{CED91FB0-E781-470B-B453-A576A605AA34}"
EndProject
Project("{2150E333-8FDC-42A3-9474-1A3956D46DE8}") = "04 - UI", "04 - UI", "{6E49ACC7-D021-4BD6-B9E0-B2102C8EEB20}"
EndProject
Project("{9A19103F-16F7-4668-BE54-9A1E7A4F7556}") = "Pedalo.Tools.DataInitializer", "Pedalo.Tools.DataInitializer\Pedalo.Tools.DataInitializer.csproj", "{02A84704-32D8-403F-AC5E-A4B9AA1C074D}"
EndProject
Project("{2150E333-8FDC-42A3-9474-1A3956D46DE8}") = "05 - Tools", "05 - Tools", "{93A79BA6-28FF-47DD-B8F9-44E59CA372EF}"
EndProject
Project("{9A19103F-16F7-4668-BE54-9A1E7A4F7556}") = "Pedalo.UI.Api", "Pedalo.UI.Api\Pedalo.UI.Api.csproj", "{11100610-67D3-4291-9C34-F0C8F2AE0209}"
EndProject
Project("{2150E333-8FDC-42A3-9474-1A3956D46DE8}") = "02 - Core", "02 - Core", "{3B1CD77D-F0B0-44F9-BA1F-215BA3B8A316}"
EndProject
Project("{2150E333-8FDC-42A3-9474-1A3956D46DE8}") = "03 - Infrastructure", "03 - Infrastructure", "{B02EC427-538F-4362-9A5D-40C411BDE4D8}"
EndProject
Project("{2150E333-8FDC-42A3-9474-1A3956D46DE8}") = "06 - Tests", "06 - Tests", "{44ACB1CB-62AF-41C6-A07C-B7AFFF0F5747}"
EndProject
Project("{9A19103F-16F7-4668-BE54-9A1E7A4F7556}") = "Pedalo.TestUtilities", "Pedalo.TestUtilities\Pedalo.TestUtilities.csproj", "{C7F30247-63AD-4075-ADA1-C9A28387C568}"
EndProject
Project("{9A19103F-16F7-4668-BE54-9A1E7A4F7556}") = "Pedalo.UI.Api.UnitTests", "Pedalo.UI.Api.UnitTests\Pedalo.UI.Api.UnitTests.csproj", "{24D79227-FA0F-4FE3-A856-E1307F27848E}"
EndProject
Project("{54A90642-561A-4BB1-A94E-469ADEE60C69}") = "Pedalo.FunctionalTests", "Pedalo.FunctionalTests\Pedalo.FunctionalTests.esproj", "{CA0CCE73-C1C9-4973-8A38-D5BDBBEA0A42}"
EndProject
Project("{54A90642-561A-4BB1-A94E-469ADEE60C69}") = "Pedalo.UI.Client", "Pedalo.UI.Client\Pedalo.UI.Client.esproj", "{7B610641-963E-4EB6-8AED-B7A6D3D6FEC8}"
EndProject
Global
	GlobalSection(SolutionConfigurationPlatforms) = preSolution
		Debug|Any CPU = Debug|Any CPU
		Release|Any CPU = Release|Any CPU
	EndGlobalSection
	GlobalSection(ProjectConfigurationPlatforms) = postSolution
		{F384DFBD-7C90-4129-8808-1AF8EA65D7B5}.Debug|Any CPU.ActiveCfg = Debug|Any CPU
		{F384DFBD-7C90-4129-8808-1AF8EA65D7B5}.Debug|Any CPU.Build.0 = Debug|Any CPU
		{F384DFBD-7C90-4129-8808-1AF8EA65D7B5}.Release|Any CPU.ActiveCfg = Release|Any CPU
		{F384DFBD-7C90-4129-8808-1AF8EA65D7B5}.Release|Any CPU.Build.0 = Release|Any CPU
		{CED91FB0-E781-470B-B453-A576A605AA34}.Debug|Any CPU.ActiveCfg = Debug|Any CPU
		{CED91FB0-E781-470B-B453-A576A605AA34}.Debug|Any CPU.Build.0 = Debug|Any CPU
		{CED91FB0-E781-470B-B453-A576A605AA34}.Release|Any CPU.ActiveCfg = Release|Any CPU
		{CED91FB0-E781-470B-B453-A576A605AA34}.Release|Any CPU.Build.0 = Release|Any CPU
		{02A84704-32D8-403F-AC5E-A4B9AA1C074D}.Debug|Any CPU.ActiveCfg = Debug|Any CPU
		{02A84704-32D8-403F-AC5E-A4B9AA1C074D}.Debug|Any CPU.Build.0 = Debug|Any CPU
		{02A84704-32D8-403F-AC5E-A4B9AA1C074D}.Release|Any CPU.ActiveCfg = Release|Any CPU
		{02A84704-32D8-403F-AC5E-A4B9AA1C074D}.Release|Any CPU.Build.0 = Release|Any CPU
		{11100610-67D3-4291-9C34-F0C8F2AE0209}.Debug|Any CPU.ActiveCfg = Debug|Any CPU
		{11100610-67D3-4291-9C34-F0C8F2AE0209}.Debug|Any CPU.Build.0 = Debug|Any CPU
		{11100610-67D3-4291-9C34-F0C8F2AE0209}.Release|Any CPU.ActiveCfg = Release|Any CPU
		{11100610-67D3-4291-9C34-F0C8F2AE0209}.Release|Any CPU.Build.0 = Release|Any CPU
		{C7F30247-63AD-4075-ADA1-C9A28387C568}.Debug|Any CPU.ActiveCfg = Debug|Any CPU
		{C7F30247-63AD-4075-ADA1-C9A28387C568}.Debug|Any CPU.Build.0 = Debug|Any CPU
		{C7F30247-63AD-4075-ADA1-C9A28387C568}.Release|Any CPU.ActiveCfg = Release|Any CPU
		{C7F30247-63AD-4075-ADA1-C9A28387C568}.Release|Any CPU.Build.0 = Release|Any CPU
		{24D79227-FA0F-4FE3-A856-E1307F27848E}.Debug|Any CPU.ActiveCfg = Debug|Any CPU
		{24D79227-FA0F-4FE3-A856-E1307F27848E}.Debug|Any CPU.Build.0 = Debug|Any CPU
		{24D79227-FA0F-4FE3-A856-E1307F27848E}.Release|Any CPU.ActiveCfg = Release|Any CPU
		{24D79227-FA0F-4FE3-A856-E1307F27848E}.Release|Any CPU.Build.0 = Release|Any CPU
		{CA0CCE73-C1C9-4973-8A38-D5BDBBEA0A42}.Debug|Any CPU.ActiveCfg = Debug|Any CPU
		{CA0CCE73-C1C9-4973-8A38-D5BDBBEA0A42}.Debug|Any CPU.Build.0 = Debug|Any CPU
		{CA0CCE73-C1C9-4973-8A38-D5BDBBEA0A42}.Release|Any CPU.ActiveCfg = Release|Any CPU
		{CA0CCE73-C1C9-4973-8A38-D5BDBBEA0A42}.Release|Any CPU.Build.0 = Release|Any CPU
		{7B610641-963E-4EB6-8AED-B7A6D3D6FEC8}.Debug|Any CPU.ActiveCfg = Debug|Any CPU
		{7B610641-963E-4EB6-8AED-B7A6D3D6FEC8}.Debug|Any CPU.Build.0 = Debug|Any CPU
		{7B610641-963E-4EB6-8AED-B7A6D3D6FEC8}.Release|Any CPU.ActiveCfg = Release|Any CPU
		{7B610641-963E-4EB6-8AED-B7A6D3D6FEC8}.Release|Any CPU.Build.0 = Release|Any CPU
	EndGlobalSection
	GlobalSection(SolutionProperties) = preSolution
		HideSolutionNode = FALSE
	EndGlobalSection
	GlobalSection(NestedProjects) = preSolution
		{F384DFBD-7C90-4129-8808-1AF8EA65D7B5} = {3B1CD77D-F0B0-44F9-BA1F-215BA3B8A316}
		{CED91FB0-E781-470B-B453-A576A605AA34} = {B02EC427-538F-4362-9A5D-40C411BDE4D8}
		{02A84704-32D8-403F-AC5E-A4B9AA1C074D} = {93A79BA6-28FF-47DD-B8F9-44E59CA372EF}
		{11100610-67D3-4291-9C34-F0C8F2AE0209} = {6E49ACC7-D021-4BD6-B9E0-B2102C8EEB20}
		{C7F30247-63AD-4075-ADA1-C9A28387C568} = {44ACB1CB-62AF-41C6-A07C-B7AFFF0F5747}
		{24D79227-FA0F-4FE3-A856-E1307F27848E} = {44ACB1CB-62AF-41C6-A07C-B7AFFF0F5747}
		{CA0CCE73-C1C9-4973-8A38-D5BDBBEA0A42} = {44ACB1CB-62AF-41C6-A07C-B7AFFF0F5747}
		{7B610641-963E-4EB6-8AED-B7A6D3D6FEC8} = {6E49ACC7-D021-4BD6-B9E0-B2102C8EEB20}
	EndGlobalSection
	GlobalSection(ExtensibilityGlobals) = postSolution
		SolutionGuid = {669701D9-D417-4ACB-8B2F-8613C0995214}
	EndGlobalSection
EndGlobal
